
Microsoft Visual Studio Solution File, Format Version 12.00
# Visual Studio Version 17
VisualStudioVersion = 17.5.2.0
MinimumVisualStudioVersion = 10.0.40219.1
Project("{2150E333-8FDC-42A3-9474-1A3956D46DE8}") = "src", "src", "{827E0CD3-B72D-47B6-A68D-7590B98EB39B}"
EndProject
Project("{2150E333-8FDC-42A3-9474-1A3956D46DE8}") = "tests", "tests", "{0AB3BF05-4346-4AA6-1389-037BE0695223}"
EndProject
Project("{FAE04EC0-301F-11D3-BF4B-00C04F79EFBC}") = "HVO.Common.Tests", "tests\HVO.Common.Tests\HVO.Common.Tests.csproj", "{50B799B2-4EB1-4D19-A1E8-5A8801653A5E}"
EndProject
Project("{FAE04EC0-301F-11D3-BF4B-00C04F79EFBC}") = "HVO.Enterprise.Telemetry", "src\HVO.Enterprise.Telemetry\HVO.Enterprise.Telemetry.csproj", "{F9AEF22A-3968-48E0-BBF5-A13CD955EBC1}"
EndProject
Project("{FAE04EC0-301F-11D3-BF4B-00C04F79EFBC}") = "HVO.Enterprise.Telemetry.Tests", "tests\HVO.Enterprise.Telemetry.Tests\HVO.Enterprise.Telemetry.Tests.csproj", "{8F526400-1A88-4A75-B6A1-1E95BA036B4E}"
EndProject
Project("{2150E333-8FDC-42A3-9474-1A3956D46DE8}") = "benchmarks", "benchmarks", "{66320409-64EC-F7C5-3DEF-65E7510DAAD1}"
EndProject
Project("{FAE04EC0-301F-11D3-BF4B-00C04F79EFBC}") = "HVO.Common.Benchmarks", "benchmarks\HVO.Common.Benchmarks\HVO.Common.Benchmarks.csproj", "{84103719-5B65-4B91-BF4F-2A6293BCDA94}"
EndProject
Project("{FAE04EC0-301F-11D3-BF4B-00C04F79EFBC}") = "HVO.Enterprise.Telemetry.Benchmarks", "benchmarks\HVO.Enterprise.Telemetry.Benchmarks\HVO.Enterprise.Telemetry.Benchmarks.csproj", "{39876BDB-84EA-442B-9B01-CABBF43D38EB}"
EndProject
Project("{FAE04EC0-301F-11D3-BF4B-00C04F79EFBC}") = "HVO.Enterprise.Telemetry.IIS", "src\HVO.Enterprise.Telemetry.IIS\HVO.Enterprise.Telemetry.IIS.csproj", "{21E23FF6-344C-4C7B-8093-58E6F40B074D}"
EndProject
Project("{FAE04EC0-301F-11D3-BF4B-00C04F79EFBC}") = "HVO.Enterprise.Telemetry.IIS.Tests", "tests\HVO.Enterprise.Telemetry.IIS.Tests\HVO.Enterprise.Telemetry.IIS.Tests.csproj", "{3755D176-C53C-4888-88C8-C7DA7AD0912F}"
EndProject
Project("{FAE04EC0-301F-11D3-BF4B-00C04F79EFBC}") = "HVO.Enterprise.Telemetry.Wcf", "src\HVO.Enterprise.Telemetry.Wcf\HVO.Enterprise.Telemetry.Wcf.csproj", "{D1E9A67E-F3C8-43ED-B688-3E4180904B11}"
EndProject
Project("{FAE04EC0-301F-11D3-BF4B-00C04F79EFBC}") = "HVO.Enterprise.Telemetry.Wcf.Tests", "tests\HVO.Enterprise.Telemetry.Wcf.Tests\HVO.Enterprise.Telemetry.Wcf.Tests.csproj", "{351CBB58-B677-46D2-8ED9-81E2C579393B}"
EndProject
Project("{FAE04EC0-301F-11D3-BF4B-00C04F79EFBC}") = "HVO.Enterprise.Telemetry.Data", "src\HVO.Enterprise.Telemetry.Data\HVO.Enterprise.Telemetry.Data.csproj", "{F6631096-C3B8-4A41-B4EC-EF58E8794D27}"
EndProject
Project("{FAE04EC0-301F-11D3-BF4B-00C04F79EFBC}") = "HVO.Enterprise.Telemetry.Data.EfCore", "src\HVO.Enterprise.Telemetry.Data.EfCore\HVO.Enterprise.Telemetry.Data.EfCore.csproj", "{0352656F-4789-426E-9384-2F636ED36282}"
EndProject
Project("{FAE04EC0-301F-11D3-BF4B-00C04F79EFBC}") = "HVO.Enterprise.Telemetry.Data.AdoNet", "src\HVO.Enterprise.Telemetry.Data.AdoNet\HVO.Enterprise.Telemetry.Data.AdoNet.csproj", "{708960BD-E692-48A4-801C-7FCD2CC4865D}"
EndProject
Project("{FAE04EC0-301F-11D3-BF4B-00C04F79EFBC}") = "HVO.Enterprise.Telemetry.Data.Redis", "src\HVO.Enterprise.Telemetry.Data.Redis\HVO.Enterprise.Telemetry.Data.Redis.csproj", "{3327F6A6-F718-4324-BB1E-D9396B97C8BD}"
EndProject
Project("{FAE04EC0-301F-11D3-BF4B-00C04F79EFBC}") = "HVO.Enterprise.Telemetry.Data.RabbitMQ", "src\HVO.Enterprise.Telemetry.Data.RabbitMQ\HVO.Enterprise.Telemetry.Data.RabbitMQ.csproj", "{ED7A1C4D-5D9B-4797-B67D-EEA9E227FED8}"
EndProject
Project("{FAE04EC0-301F-11D3-BF4B-00C04F79EFBC}") = "HVO.Enterprise.Telemetry.Data.Tests", "tests\HVO.Enterprise.Telemetry.Data.Tests\HVO.Enterprise.Telemetry.Data.Tests.csproj", "{8F657B2E-1493-48F2-BD83-5CF008322160}"
EndProject
Project("{FAE04EC0-301F-11D3-BF4B-00C04F79EFBC}") = "HVO.Enterprise.Telemetry.Data.EfCore.Tests", "tests\HVO.Enterprise.Telemetry.Data.EfCore.Tests\HVO.Enterprise.Telemetry.Data.EfCore.Tests.csproj", "{4A7CDCC3-BADC-4F36-9ED8-D332B25C08FE}"
EndProject
Project("{FAE04EC0-301F-11D3-BF4B-00C04F79EFBC}") = "HVO.Enterprise.Telemetry.Data.AdoNet.Tests", "tests\HVO.Enterprise.Telemetry.Data.AdoNet.Tests\HVO.Enterprise.Telemetry.Data.AdoNet.Tests.csproj", "{0CDD1AFA-E774-490F-ADA3-7ED49B64F644}"
EndProject
Project("{FAE04EC0-301F-11D3-BF4B-00C04F79EFBC}") = "HVO.Enterprise.Telemetry.Data.Redis.Tests", "tests\HVO.Enterprise.Telemetry.Data.Redis.Tests\HVO.Enterprise.Telemetry.Data.Redis.Tests.csproj", "{4D448A9B-2F83-4339-9D5D-2D761D416CC8}"
EndProject
Project("{FAE04EC0-301F-11D3-BF4B-00C04F79EFBC}") = "HVO.Enterprise.Telemetry.Data.RabbitMQ.Tests", "tests\HVO.Enterprise.Telemetry.Data.RabbitMQ.Tests\HVO.Enterprise.Telemetry.Data.RabbitMQ.Tests.csproj", "{3C96A3D3-1982-4E46-AB83-3EC4FBB6D68B}"
EndProject
Project("{FAE04EC0-301F-11D3-BF4B-00C04F79EFBC}") = "HVO.Enterprise.Telemetry.Serilog", "src\HVO.Enterprise.Telemetry.Serilog\HVO.Enterprise.Telemetry.Serilog.csproj", "{E5F300AC-6630-4535-BD19-7C96ED48A8E0}"
EndProject
Project("{FAE04EC0-301F-11D3-BF4B-00C04F79EFBC}") = "HVO.Enterprise.Telemetry.Serilog.Tests", "tests\HVO.Enterprise.Telemetry.Serilog.Tests\HVO.Enterprise.Telemetry.Serilog.Tests.csproj", "{4F47E5C1-41CE-46BE-A569-A191E3F1202D}"
EndProject
Project("{FAE04EC0-301F-11D3-BF4B-00C04F79EFBC}") = "HVO.Enterprise.Telemetry.AppInsights", "src\HVO.Enterprise.Telemetry.AppInsights\HVO.Enterprise.Telemetry.AppInsights.csproj", "{AA155866-84E6-43A4-9ECB-9BA9A257A81C}"
EndProject
Project("{FAE04EC0-301F-11D3-BF4B-00C04F79EFBC}") = "HVO.Enterprise.Telemetry.AppInsights.Tests", "tests\HVO.Enterprise.Telemetry.AppInsights.Tests\HVO.Enterprise.Telemetry.AppInsights.Tests.csproj", "{95533F85-9AB4-4599-A764-4E2911825662}"
EndProject
Project("{FAE04EC0-301F-11D3-BF4B-00C04F79EFBC}") = "HVO.Enterprise.Telemetry.Datadog", "src\HVO.Enterprise.Telemetry.Datadog\HVO.Enterprise.Telemetry.Datadog.csproj", "{7C3756B7-23E8-467B-8585-0ACF3AF9D01C}"
EndProject
Project("{FAE04EC0-301F-11D3-BF4B-00C04F79EFBC}") = "HVO.Enterprise.Telemetry.Datadog.Tests", "tests\HVO.Enterprise.Telemetry.Datadog.Tests\HVO.Enterprise.Telemetry.Datadog.Tests.csproj", "{E86CD76B-BF70-480A-84E5-33B04A69AA1F}"
EndProject
Project("{2150E333-8FDC-42A3-9474-1A3956D46DE8}") = "samples", "samples", "{5D20AA90-6969-D8BD-9DCD-8634F4692FDA}"
EndProject
Project("{FAE04EC0-301F-11D3-BF4B-00C04F79EFBC}") = "HVO.Enterprise.Samples.Net8", "samples\HVO.Enterprise.Samples.Net8\HVO.Enterprise.Samples.Net8.csproj", "{4600A656-8294-4463-AD8A-782D8E168CAD}"
EndProject
Project("{FAE04EC0-301F-11D3-BF4B-00C04F79EFBC}") = "HVO.Enterprise.Samples.Net8.Tests", "tests\HVO.Enterprise.Samples.Net8.Tests\HVO.Enterprise.Samples.Net8.Tests.csproj", "{C948CD88-AE15-4AC1-9BBB-38E021B356CA}"
EndProject
Project("{FAE04EC0-301F-11D3-BF4B-00C04F79EFBC}") = "HVO.Enterprise.Telemetry.OpenTelemetry", "src\HVO.Enterprise.Telemetry.OpenTelemetry\HVO.Enterprise.Telemetry.OpenTelemetry.csproj", "{DDA51063-3590-4957-88FB-CC2AC1F1C70B}"
EndProject
Project("{FAE04EC0-301F-11D3-BF4B-00C04F79EFBC}") = "HVO.Enterprise.Telemetry.OpenTelemetry.Tests", "tests\HVO.Enterprise.Telemetry.OpenTelemetry.Tests\HVO.Enterprise.Telemetry.OpenTelemetry.Tests.csproj", "{5BCC50BB-19C9-4C24-B49E-321600592688}"
EndProject
Project("{FAE04EC0-301F-11D3-BF4B-00C04F79EFBC}") = "HVO.Enterprise.Telemetry.Grpc", "src\HVO.Enterprise.Telemetry.Grpc\HVO.Enterprise.Telemetry.Grpc.csproj", "{603CF7C3-5BCC-4981-AA33-F131FAB2F5DB}"
EndProject
Project("{FAE04EC0-301F-11D3-BF4B-00C04F79EFBC}") = "HVO.Enterprise.Telemetry.Grpc.Tests", "tests\HVO.Enterprise.Telemetry.Grpc.Tests\HVO.Enterprise.Telemetry.Grpc.Tests.csproj", "{FA5C511B-221B-435F-AA0E-C2B69963C698}"
EndProject
Global
	GlobalSection(SolutionConfigurationPlatforms) = preSolution
		Debug|Any CPU = Debug|Any CPU
		Debug|x64 = Debug|x64
		Debug|x86 = Debug|x86
		Release|Any CPU = Release|Any CPU
		Release|x64 = Release|x64
		Release|x86 = Release|x86
	EndGlobalSection
	GlobalSection(ProjectConfigurationPlatforms) = postSolution
		{50B799B2-4EB1-4D19-A1E8-5A8801653A5E}.Debug|Any CPU.ActiveCfg = Debug|Any CPU
		{50B799B2-4EB1-4D19-A1E8-5A8801653A5E}.Debug|Any CPU.Build.0 = Debug|Any CPU
		{50B799B2-4EB1-4D19-A1E8-5A8801653A5E}.Debug|x64.ActiveCfg = Debug|Any CPU
		{50B799B2-4EB1-4D19-A1E8-5A8801653A5E}.Debug|x64.Build.0 = Debug|Any CPU
		{50B799B2-4EB1-4D19-A1E8-5A8801653A5E}.Debug|x86.ActiveCfg = Debug|Any CPU
		{50B799B2-4EB1-4D19-A1E8-5A8801653A5E}.Debug|x86.Build.0 = Debug|Any CPU
		{50B799B2-4EB1-4D19-A1E8-5A8801653A5E}.Release|Any CPU.ActiveCfg = Release|Any CPU
		{50B799B2-4EB1-4D19-A1E8-5A8801653A5E}.Release|Any CPU.Build.0 = Release|Any CPU
		{50B799B2-4EB1-4D19-A1E8-5A8801653A5E}.Release|x64.ActiveCfg = Release|Any CPU
		{50B799B2-4EB1-4D19-A1E8-5A8801653A5E}.Release|x64.Build.0 = Release|Any CPU
		{50B799B2-4EB1-4D19-A1E8-5A8801653A5E}.Release|x86.ActiveCfg = Release|Any CPU
		{50B799B2-4EB1-4D19-A1E8-5A8801653A5E}.Release|x86.Build.0 = Release|Any CPU
		{F9AEF22A-3968-48E0-BBF5-A13CD955EBC1}.Debug|Any CPU.ActiveCfg = Debug|Any CPU
		{F9AEF22A-3968-48E0-BBF5-A13CD955EBC1}.Debug|Any CPU.Build.0 = Debug|Any CPU
		{F9AEF22A-3968-48E0-BBF5-A13CD955EBC1}.Debug|x64.ActiveCfg = Debug|Any CPU
		{F9AEF22A-3968-48E0-BBF5-A13CD955EBC1}.Debug|x64.Build.0 = Debug|Any CPU
		{F9AEF22A-3968-48E0-BBF5-A13CD955EBC1}.Debug|x86.ActiveCfg = Debug|Any CPU
		{F9AEF22A-3968-48E0-BBF5-A13CD955EBC1}.Debug|x86.Build.0 = Debug|Any CPU
		{F9AEF22A-3968-48E0-BBF5-A13CD955EBC1}.Release|Any CPU.ActiveCfg = Release|Any CPU
		{F9AEF22A-3968-48E0-BBF5-A13CD955EBC1}.Release|Any CPU.Build.0 = Release|Any CPU
		{F9AEF22A-3968-48E0-BBF5-A13CD955EBC1}.Release|x64.ActiveCfg = Release|Any CPU
		{F9AEF22A-3968-48E0-BBF5-A13CD955EBC1}.Release|x64.Build.0 = Release|Any CPU
		{F9AEF22A-3968-48E0-BBF5-A13CD955EBC1}.Release|x86.ActiveCfg = Release|Any CPU
		{F9AEF22A-3968-48E0-BBF5-A13CD955EBC1}.Release|x86.Build.0 = Release|Any CPU
		{8F526400-1A88-4A75-B6A1-1E95BA036B4E}.Debug|Any CPU.ActiveCfg = Debug|Any CPU
		{8F526400-1A88-4A75-B6A1-1E95BA036B4E}.Debug|Any CPU.Build.0 = Debug|Any CPU
		{8F526400-1A88-4A75-B6A1-1E95BA036B4E}.Debug|x64.ActiveCfg = Debug|Any CPU
		{8F526400-1A88-4A75-B6A1-1E95BA036B4E}.Debug|x64.Build.0 = Debug|Any CPU
		{8F526400-1A88-4A75-B6A1-1E95BA036B4E}.Debug|x86.ActiveCfg = Debug|Any CPU
		{8F526400-1A88-4A75-B6A1-1E95BA036B4E}.Debug|x86.Build.0 = Debug|Any CPU
		{8F526400-1A88-4A75-B6A1-1E95BA036B4E}.Release|Any CPU.ActiveCfg = Release|Any CPU
		{8F526400-1A88-4A75-B6A1-1E95BA036B4E}.Release|Any CPU.Build.0 = Release|Any CPU
		{8F526400-1A88-4A75-B6A1-1E95BA036B4E}.Release|x64.ActiveCfg = Release|Any CPU
		{8F526400-1A88-4A75-B6A1-1E95BA036B4E}.Release|x64.Build.0 = Release|Any CPU
		{8F526400-1A88-4A75-B6A1-1E95BA036B4E}.Release|x86.ActiveCfg = Release|Any CPU
		{8F526400-1A88-4A75-B6A1-1E95BA036B4E}.Release|x86.Build.0 = Release|Any CPU
		{84103719-5B65-4B91-BF4F-2A6293BCDA94}.Debug|Any CPU.ActiveCfg = Debug|Any CPU
		{84103719-5B65-4B91-BF4F-2A6293BCDA94}.Debug|Any CPU.Build.0 = Debug|Any CPU
		{84103719-5B65-4B91-BF4F-2A6293BCDA94}.Debug|x64.ActiveCfg = Debug|Any CPU
		{84103719-5B65-4B91-BF4F-2A6293BCDA94}.Debug|x64.Build.0 = Debug|Any CPU
		{84103719-5B65-4B91-BF4F-2A6293BCDA94}.Debug|x86.ActiveCfg = Debug|Any CPU
		{84103719-5B65-4B91-BF4F-2A6293BCDA94}.Debug|x86.Build.0 = Debug|Any CPU
		{84103719-5B65-4B91-BF4F-2A6293BCDA94}.Release|Any CPU.ActiveCfg = Release|Any CPU
		{84103719-5B65-4B91-BF4F-2A6293BCDA94}.Release|Any CPU.Build.0 = Release|Any CPU
		{84103719-5B65-4B91-BF4F-2A6293BCDA94}.Release|x64.ActiveCfg = Release|Any CPU
		{84103719-5B65-4B91-BF4F-2A6293BCDA94}.Release|x64.Build.0 = Release|Any CPU
		{84103719-5B65-4B91-BF4F-2A6293BCDA94}.Release|x86.ActiveCfg = Release|Any CPU
		{84103719-5B65-4B91-BF4F-2A6293BCDA94}.Release|x86.Build.0 = Release|Any CPU
		{39876BDB-84EA-442B-9B01-CABBF43D38EB}.Debug|Any CPU.ActiveCfg = Debug|Any CPU
		{39876BDB-84EA-442B-9B01-CABBF43D38EB}.Debug|Any CPU.Build.0 = Debug|Any CPU
		{39876BDB-84EA-442B-9B01-CABBF43D38EB}.Debug|x64.ActiveCfg = Debug|Any CPU
		{39876BDB-84EA-442B-9B01-CABBF43D38EB}.Debug|x64.Build.0 = Debug|Any CPU
		{39876BDB-84EA-442B-9B01-CABBF43D38EB}.Debug|x86.ActiveCfg = Debug|Any CPU
		{39876BDB-84EA-442B-9B01-CABBF43D38EB}.Debug|x86.Build.0 = Debug|Any CPU
		{39876BDB-84EA-442B-9B01-CABBF43D38EB}.Release|Any CPU.ActiveCfg = Release|Any CPU
		{39876BDB-84EA-442B-9B01-CABBF43D38EB}.Release|Any CPU.Build.0 = Release|Any CPU
		{39876BDB-84EA-442B-9B01-CABBF43D38EB}.Release|x64.ActiveCfg = Release|Any CPU
		{39876BDB-84EA-442B-9B01-CABBF43D38EB}.Release|x64.Build.0 = Release|Any CPU
		{39876BDB-84EA-442B-9B01-CABBF43D38EB}.Release|x86.ActiveCfg = Release|Any CPU
		{39876BDB-84EA-442B-9B01-CABBF43D38EB}.Release|x86.Build.0 = Release|Any CPU
		{21E23FF6-344C-4C7B-8093-58E6F40B074D}.Debug|Any CPU.ActiveCfg = Debug|Any CPU
		{21E23FF6-344C-4C7B-8093-58E6F40B074D}.Debug|Any CPU.Build.0 = Debug|Any CPU
		{21E23FF6-344C-4C7B-8093-58E6F40B074D}.Debug|x64.ActiveCfg = Debug|Any CPU
		{21E23FF6-344C-4C7B-8093-58E6F40B074D}.Debug|x64.Build.0 = Debug|Any CPU
		{21E23FF6-344C-4C7B-8093-58E6F40B074D}.Debug|x86.ActiveCfg = Debug|Any CPU
		{21E23FF6-344C-4C7B-8093-58E6F40B074D}.Debug|x86.Build.0 = Debug|Any CPU
		{21E23FF6-344C-4C7B-8093-58E6F40B074D}.Release|Any CPU.ActiveCfg = Release|Any CPU
		{21E23FF6-344C-4C7B-8093-58E6F40B074D}.Release|Any CPU.Build.0 = Release|Any CPU
		{21E23FF6-344C-4C7B-8093-58E6F40B074D}.Release|x64.ActiveCfg = Release|Any CPU
		{21E23FF6-344C-4C7B-8093-58E6F40B074D}.Release|x64.Build.0 = Release|Any CPU
		{21E23FF6-344C-4C7B-8093-58E6F40B074D}.Release|x86.ActiveCfg = Release|Any CPU
		{21E23FF6-344C-4C7B-8093-58E6F40B074D}.Release|x86.Build.0 = Release|Any CPU
		{3755D176-C53C-4888-88C8-C7DA7AD0912F}.Debug|Any CPU.ActiveCfg = Debug|Any CPU
		{3755D176-C53C-4888-88C8-C7DA7AD0912F}.Debug|Any CPU.Build.0 = Debug|Any CPU
		{3755D176-C53C-4888-88C8-C7DA7AD0912F}.Debug|x64.ActiveCfg = Debug|Any CPU
		{3755D176-C53C-4888-88C8-C7DA7AD0912F}.Debug|x64.Build.0 = Debug|Any CPU
		{3755D176-C53C-4888-88C8-C7DA7AD0912F}.Debug|x86.ActiveCfg = Debug|Any CPU
		{3755D176-C53C-4888-88C8-C7DA7AD0912F}.Debug|x86.Build.0 = Debug|Any CPU
		{3755D176-C53C-4888-88C8-C7DA7AD0912F}.Release|Any CPU.ActiveCfg = Release|Any CPU
		{3755D176-C53C-4888-88C8-C7DA7AD0912F}.Release|Any CPU.Build.0 = Release|Any CPU
		{3755D176-C53C-4888-88C8-C7DA7AD0912F}.Release|x64.ActiveCfg = Release|Any CPU
		{3755D176-C53C-4888-88C8-C7DA7AD0912F}.Release|x64.Build.0 = Release|Any CPU
		{3755D176-C53C-4888-88C8-C7DA7AD0912F}.Release|x86.ActiveCfg = Release|Any CPU
		{3755D176-C53C-4888-88C8-C7DA7AD0912F}.Release|x86.Build.0 = Release|Any CPU
		{D1E9A67E-F3C8-43ED-B688-3E4180904B11}.Debug|Any CPU.ActiveCfg = Debug|Any CPU
		{D1E9A67E-F3C8-43ED-B688-3E4180904B11}.Debug|Any CPU.Build.0 = Debug|Any CPU
		{D1E9A67E-F3C8-43ED-B688-3E4180904B11}.Debug|x64.ActiveCfg = Debug|Any CPU
		{D1E9A67E-F3C8-43ED-B688-3E4180904B11}.Debug|x64.Build.0 = Debug|Any CPU
		{D1E9A67E-F3C8-43ED-B688-3E4180904B11}.Debug|x86.ActiveCfg = Debug|Any CPU
		{D1E9A67E-F3C8-43ED-B688-3E4180904B11}.Debug|x86.Build.0 = Debug|Any CPU
		{D1E9A67E-F3C8-43ED-B688-3E4180904B11}.Release|Any CPU.ActiveCfg = Release|Any CPU
		{D1E9A67E-F3C8-43ED-B688-3E4180904B11}.Release|Any CPU.Build.0 = Release|Any CPU
		{D1E9A67E-F3C8-43ED-B688-3E4180904B11}.Release|x64.ActiveCfg = Release|Any CPU
		{D1E9A67E-F3C8-43ED-B688-3E4180904B11}.Release|x64.Build.0 = Release|Any CPU
		{D1E9A67E-F3C8-43ED-B688-3E4180904B11}.Release|x86.ActiveCfg = Release|Any CPU
		{D1E9A67E-F3C8-43ED-B688-3E4180904B11}.Release|x86.Build.0 = Release|Any CPU
		{351CBB58-B677-46D2-8ED9-81E2C579393B}.Debug|Any CPU.ActiveCfg = Debug|Any CPU
		{351CBB58-B677-46D2-8ED9-81E2C579393B}.Debug|Any CPU.Build.0 = Debug|Any CPU
		{351CBB58-B677-46D2-8ED9-81E2C579393B}.Debug|x64.ActiveCfg = Debug|Any CPU
		{351CBB58-B677-46D2-8ED9-81E2C579393B}.Debug|x64.Build.0 = Debug|Any CPU
		{351CBB58-B677-46D2-8ED9-81E2C579393B}.Debug|x86.ActiveCfg = Debug|Any CPU
		{351CBB58-B677-46D2-8ED9-81E2C579393B}.Debug|x86.Build.0 = Debug|Any CPU
		{351CBB58-B677-46D2-8ED9-81E2C579393B}.Release|Any CPU.ActiveCfg = Release|Any CPU
		{351CBB58-B677-46D2-8ED9-81E2C579393B}.Release|Any CPU.Build.0 = Release|Any CPU
		{351CBB58-B677-46D2-8ED9-81E2C579393B}.Release|x64.ActiveCfg = Release|Any CPU
		{351CBB58-B677-46D2-8ED9-81E2C579393B}.Release|x64.Build.0 = Release|Any CPU
		{351CBB58-B677-46D2-8ED9-81E2C579393B}.Release|x86.ActiveCfg = Release|Any CPU
		{351CBB58-B677-46D2-8ED9-81E2C579393B}.Release|x86.Build.0 = Release|Any CPU
		{F6631096-C3B8-4A41-B4EC-EF58E8794D27}.Debug|Any CPU.ActiveCfg = Debug|Any CPU
		{F6631096-C3B8-4A41-B4EC-EF58E8794D27}.Debug|Any CPU.Build.0 = Debug|Any CPU
		{F6631096-C3B8-4A41-B4EC-EF58E8794D27}.Debug|x64.ActiveCfg = Debug|Any CPU
		{F6631096-C3B8-4A41-B4EC-EF58E8794D27}.Debug|x64.Build.0 = Debug|Any CPU
		{F6631096-C3B8-4A41-B4EC-EF58E8794D27}.Debug|x86.ActiveCfg = Debug|Any CPU
		{F6631096-C3B8-4A41-B4EC-EF58E8794D27}.Debug|x86.Build.0 = Debug|Any CPU
		{F6631096-C3B8-4A41-B4EC-EF58E8794D27}.Release|Any CPU.ActiveCfg = Release|Any CPU
		{F6631096-C3B8-4A41-B4EC-EF58E8794D27}.Release|Any CPU.Build.0 = Release|Any CPU
		{F6631096-C3B8-4A41-B4EC-EF58E8794D27}.Release|x64.ActiveCfg = Release|Any CPU
		{F6631096-C3B8-4A41-B4EC-EF58E8794D27}.Release|x64.Build.0 = Release|Any CPU
		{F6631096-C3B8-4A41-B4EC-EF58E8794D27}.Release|x86.ActiveCfg = Release|Any CPU
		{F6631096-C3B8-4A41-B4EC-EF58E8794D27}.Release|x86.Build.0 = Release|Any CPU
		{0352656F-4789-426E-9384-2F636ED36282}.Debug|Any CPU.ActiveCfg = Debug|Any CPU
		{0352656F-4789-426E-9384-2F636ED36282}.Debug|Any CPU.Build.0 = Debug|Any CPU
		{0352656F-4789-426E-9384-2F636ED36282}.Debug|x64.ActiveCfg = Debug|Any CPU
		{0352656F-4789-426E-9384-2F636ED36282}.Debug|x64.Build.0 = Debug|Any CPU
		{0352656F-4789-426E-9384-2F636ED36282}.Debug|x86.ActiveCfg = Debug|Any CPU
		{0352656F-4789-426E-9384-2F636ED36282}.Debug|x86.Build.0 = Debug|Any CPU
		{0352656F-4789-426E-9384-2F636ED36282}.Release|Any CPU.ActiveCfg = Release|Any CPU
		{0352656F-4789-426E-9384-2F636ED36282}.Release|Any CPU.Build.0 = Release|Any CPU
		{0352656F-4789-426E-9384-2F636ED36282}.Release|x64.ActiveCfg = Release|Any CPU
		{0352656F-4789-426E-9384-2F636ED36282}.Release|x64.Build.0 = Release|Any CPU
		{0352656F-4789-426E-9384-2F636ED36282}.Release|x86.ActiveCfg = Release|Any CPU
		{0352656F-4789-426E-9384-2F636ED36282}.Release|x86.Build.0 = Release|Any CPU
		{708960BD-E692-48A4-801C-7FCD2CC4865D}.Debug|Any CPU.ActiveCfg = Debug|Any CPU
		{708960BD-E692-48A4-801C-7FCD2CC4865D}.Debug|Any CPU.Build.0 = Debug|Any CPU
		{708960BD-E692-48A4-801C-7FCD2CC4865D}.Debug|x64.ActiveCfg = Debug|Any CPU
		{708960BD-E692-48A4-801C-7FCD2CC4865D}.Debug|x64.Build.0 = Debug|Any CPU
		{708960BD-E692-48A4-801C-7FCD2CC4865D}.Debug|x86.ActiveCfg = Debug|Any CPU
		{708960BD-E692-48A4-801C-7FCD2CC4865D}.Debug|x86.Build.0 = Debug|Any CPU
		{708960BD-E692-48A4-801C-7FCD2CC4865D}.Release|Any CPU.ActiveCfg = Release|Any CPU
		{708960BD-E692-48A4-801C-7FCD2CC4865D}.Release|Any CPU.Build.0 = Release|Any CPU
		{708960BD-E692-48A4-801C-7FCD2CC4865D}.Release|x64.ActiveCfg = Release|Any CPU
		{708960BD-E692-48A4-801C-7FCD2CC4865D}.Release|x64.Build.0 = Release|Any CPU
		{708960BD-E692-48A4-801C-7FCD2CC4865D}.Release|x86.ActiveCfg = Release|Any CPU
		{708960BD-E692-48A4-801C-7FCD2CC4865D}.Release|x86.Build.0 = Release|Any CPU
		{3327F6A6-F718-4324-BB1E-D9396B97C8BD}.Debug|Any CPU.ActiveCfg = Debug|Any CPU
		{3327F6A6-F718-4324-BB1E-D9396B97C8BD}.Debug|Any CPU.Build.0 = Debug|Any CPU
		{3327F6A6-F718-4324-BB1E-D9396B97C8BD}.Debug|x64.ActiveCfg = Debug|Any CPU
		{3327F6A6-F718-4324-BB1E-D9396B97C8BD}.Debug|x64.Build.0 = Debug|Any CPU
		{3327F6A6-F718-4324-BB1E-D9396B97C8BD}.Debug|x86.ActiveCfg = Debug|Any CPU
		{3327F6A6-F718-4324-BB1E-D9396B97C8BD}.Debug|x86.Build.0 = Debug|Any CPU
		{3327F6A6-F718-4324-BB1E-D9396B97C8BD}.Release|Any CPU.ActiveCfg = Release|Any CPU
		{3327F6A6-F718-4324-BB1E-D9396B97C8BD}.Release|Any CPU.Build.0 = Release|Any CPU
		{3327F6A6-F718-4324-BB1E-D9396B97C8BD}.Release|x64.ActiveCfg = Release|Any CPU
		{3327F6A6-F718-4324-BB1E-D9396B97C8BD}.Release|x64.Build.0 = Release|Any CPU
		{3327F6A6-F718-4324-BB1E-D9396B97C8BD}.Release|x86.ActiveCfg = Release|Any CPU
		{3327F6A6-F718-4324-BB1E-D9396B97C8BD}.Release|x86.Build.0 = Release|Any CPU
		{ED7A1C4D-5D9B-4797-B67D-EEA9E227FED8}.Debug|Any CPU.ActiveCfg = Debug|Any CPU
		{ED7A1C4D-5D9B-4797-B67D-EEA9E227FED8}.Debug|Any CPU.Build.0 = Debug|Any CPU
		{ED7A1C4D-5D9B-4797-B67D-EEA9E227FED8}.Debug|x64.ActiveCfg = Debug|Any CPU
		{ED7A1C4D-5D9B-4797-B67D-EEA9E227FED8}.Debug|x64.Build.0 = Debug|Any CPU
		{ED7A1C4D-5D9B-4797-B67D-EEA9E227FED8}.Debug|x86.ActiveCfg = Debug|Any CPU
		{ED7A1C4D-5D9B-4797-B67D-EEA9E227FED8}.Debug|x86.Build.0 = Debug|Any CPU
		{ED7A1C4D-5D9B-4797-B67D-EEA9E227FED8}.Release|Any CPU.ActiveCfg = Release|Any CPU
		{ED7A1C4D-5D9B-4797-B67D-EEA9E227FED8}.Release|Any CPU.Build.0 = Release|Any CPU
		{ED7A1C4D-5D9B-4797-B67D-EEA9E227FED8}.Release|x64.ActiveCfg = Release|Any CPU
		{ED7A1C4D-5D9B-4797-B67D-EEA9E227FED8}.Release|x64.Build.0 = Release|Any CPU
		{ED7A1C4D-5D9B-4797-B67D-EEA9E227FED8}.Release|x86.ActiveCfg = Release|Any CPU
		{ED7A1C4D-5D9B-4797-B67D-EEA9E227FED8}.Release|x86.Build.0 = Release|Any CPU
		{8F657B2E-1493-48F2-BD83-5CF008322160}.Debug|Any CPU.ActiveCfg = Debug|Any CPU
		{8F657B2E-1493-48F2-BD83-5CF008322160}.Debug|Any CPU.Build.0 = Debug|Any CPU
		{8F657B2E-1493-48F2-BD83-5CF008322160}.Debug|x64.ActiveCfg = Debug|Any CPU
		{8F657B2E-1493-48F2-BD83-5CF008322160}.Debug|x64.Build.0 = Debug|Any CPU
		{8F657B2E-1493-48F2-BD83-5CF008322160}.Debug|x86.ActiveCfg = Debug|Any CPU
		{8F657B2E-1493-48F2-BD83-5CF008322160}.Debug|x86.Build.0 = Debug|Any CPU
		{8F657B2E-1493-48F2-BD83-5CF008322160}.Release|Any CPU.ActiveCfg = Release|Any CPU
		{8F657B2E-1493-48F2-BD83-5CF008322160}.Release|Any CPU.Build.0 = Release|Any CPU
		{8F657B2E-1493-48F2-BD83-5CF008322160}.Release|x64.ActiveCfg = Release|Any CPU
		{8F657B2E-1493-48F2-BD83-5CF008322160}.Release|x64.Build.0 = Release|Any CPU
		{8F657B2E-1493-48F2-BD83-5CF008322160}.Release|x86.ActiveCfg = Release|Any CPU
		{8F657B2E-1493-48F2-BD83-5CF008322160}.Release|x86.Build.0 = Release|Any CPU
		{4A7CDCC3-BADC-4F36-9ED8-D332B25C08FE}.Debug|Any CPU.ActiveCfg = Debug|Any CPU
		{4A7CDCC3-BADC-4F36-9ED8-D332B25C08FE}.Debug|Any CPU.Build.0 = Debug|Any CPU
		{4A7CDCC3-BADC-4F36-9ED8-D332B25C08FE}.Debug|x64.ActiveCfg = Debug|Any CPU
		{4A7CDCC3-BADC-4F36-9ED8-D332B25C08FE}.Debug|x64.Build.0 = Debug|Any CPU
		{4A7CDCC3-BADC-4F36-9ED8-D332B25C08FE}.Debug|x86.ActiveCfg = Debug|Any CPU
		{4A7CDCC3-BADC-4F36-9ED8-D332B25C08FE}.Debug|x86.Build.0 = Debug|Any CPU
		{4A7CDCC3-BADC-4F36-9ED8-D332B25C08FE}.Release|Any CPU.ActiveCfg = Release|Any CPU
		{4A7CDCC3-BADC-4F36-9ED8-D332B25C08FE}.Release|Any CPU.Build.0 = Release|Any CPU
		{4A7CDCC3-BADC-4F36-9ED8-D332B25C08FE}.Release|x64.ActiveCfg = Release|Any CPU
		{4A7CDCC3-BADC-4F36-9ED8-D332B25C08FE}.Release|x64.Build.0 = Release|Any CPU
		{4A7CDCC3-BADC-4F36-9ED8-D332B25C08FE}.Release|x86.ActiveCfg = Release|Any CPU
		{4A7CDCC3-BADC-4F36-9ED8-D332B25C08FE}.Release|x86.Build.0 = Release|Any CPU
		{0CDD1AFA-E774-490F-ADA3-7ED49B64F644}.Debug|Any CPU.ActiveCfg = Debug|Any CPU
		{0CDD1AFA-E774-490F-ADA3-7ED49B64F644}.Debug|Any CPU.Build.0 = Debug|Any CPU
		{0CDD1AFA-E774-490F-ADA3-7ED49B64F644}.Debug|x64.ActiveCfg = Debug|Any CPU
		{0CDD1AFA-E774-490F-ADA3-7ED49B64F644}.Debug|x64.Build.0 = Debug|Any CPU
		{0CDD1AFA-E774-490F-ADA3-7ED49B64F644}.Debug|x86.ActiveCfg = Debug|Any CPU
		{0CDD1AFA-E774-490F-ADA3-7ED49B64F644}.Debug|x86.Build.0 = Debug|Any CPU
		{0CDD1AFA-E774-490F-ADA3-7ED49B64F644}.Release|Any CPU.ActiveCfg = Release|Any CPU
		{0CDD1AFA-E774-490F-ADA3-7ED49B64F644}.Release|Any CPU.Build.0 = Release|Any CPU
		{0CDD1AFA-E774-490F-ADA3-7ED49B64F644}.Release|x64.ActiveCfg = Release|Any CPU
		{0CDD1AFA-E774-490F-ADA3-7ED49B64F644}.Release|x64.Build.0 = Release|Any CPU
		{0CDD1AFA-E774-490F-ADA3-7ED49B64F644}.Release|x86.ActiveCfg = Release|Any CPU
		{0CDD1AFA-E774-490F-ADA3-7ED49B64F644}.Release|x86.Build.0 = Release|Any CPU
		{4D448A9B-2F83-4339-9D5D-2D761D416CC8}.Debug|Any CPU.ActiveCfg = Debug|Any CPU
		{4D448A9B-2F83-4339-9D5D-2D761D416CC8}.Debug|Any CPU.Build.0 = Debug|Any CPU
		{4D448A9B-2F83-4339-9D5D-2D761D416CC8}.Debug|x64.ActiveCfg = Debug|Any CPU
		{4D448A9B-2F83-4339-9D5D-2D761D416CC8}.Debug|x64.Build.0 = Debug|Any CPU
		{4D448A9B-2F83-4339-9D5D-2D761D416CC8}.Debug|x86.ActiveCfg = Debug|Any CPU
		{4D448A9B-2F83-4339-9D5D-2D761D416CC8}.Debug|x86.Build.0 = Debug|Any CPU
		{4D448A9B-2F83-4339-9D5D-2D761D416CC8}.Release|Any CPU.ActiveCfg = Release|Any CPU
		{4D448A9B-2F83-4339-9D5D-2D761D416CC8}.Release|Any CPU.Build.0 = Release|Any CPU
		{4D448A9B-2F83-4339-9D5D-2D761D416CC8}.Release|x64.ActiveCfg = Release|Any CPU
		{4D448A9B-2F83-4339-9D5D-2D761D416CC8}.Release|x64.Build.0 = Release|Any CPU
		{4D448A9B-2F83-4339-9D5D-2D761D416CC8}.Release|x86.ActiveCfg = Release|Any CPU
		{4D448A9B-2F83-4339-9D5D-2D761D416CC8}.Release|x86.Build.0 = Release|Any CPU
		{3C96A3D3-1982-4E46-AB83-3EC4FBB6D68B}.Debug|Any CPU.ActiveCfg = Debug|Any CPU
		{3C96A3D3-1982-4E46-AB83-3EC4FBB6D68B}.Debug|Any CPU.Build.0 = Debug|Any CPU
		{3C96A3D3-1982-4E46-AB83-3EC4FBB6D68B}.Debug|x64.ActiveCfg = Debug|Any CPU
		{3C96A3D3-1982-4E46-AB83-3EC4FBB6D68B}.Debug|x64.Build.0 = Debug|Any CPU
		{3C96A3D3-1982-4E46-AB83-3EC4FBB6D68B}.Debug|x86.ActiveCfg = Debug|Any CPU
		{3C96A3D3-1982-4E46-AB83-3EC4FBB6D68B}.Debug|x86.Build.0 = Debug|Any CPU
		{3C96A3D3-1982-4E46-AB83-3EC4FBB6D68B}.Release|Any CPU.ActiveCfg = Release|Any CPU
		{3C96A3D3-1982-4E46-AB83-3EC4FBB6D68B}.Release|Any CPU.Build.0 = Release|Any CPU
		{3C96A3D3-1982-4E46-AB83-3EC4FBB6D68B}.Release|x64.ActiveCfg = Release|Any CPU
		{3C96A3D3-1982-4E46-AB83-3EC4FBB6D68B}.Release|x64.Build.0 = Release|Any CPU
		{3C96A3D3-1982-4E46-AB83-3EC4FBB6D68B}.Release|x86.ActiveCfg = Release|Any CPU
		{3C96A3D3-1982-4E46-AB83-3EC4FBB6D68B}.Release|x86.Build.0 = Release|Any CPU
		{E5F300AC-6630-4535-BD19-7C96ED48A8E0}.Debug|Any CPU.ActiveCfg = Debug|Any CPU
		{E5F300AC-6630-4535-BD19-7C96ED48A8E0}.Debug|Any CPU.Build.0 = Debug|Any CPU
		{E5F300AC-6630-4535-BD19-7C96ED48A8E0}.Debug|x64.ActiveCfg = Debug|Any CPU
		{E5F300AC-6630-4535-BD19-7C96ED48A8E0}.Debug|x64.Build.0 = Debug|Any CPU
		{E5F300AC-6630-4535-BD19-7C96ED48A8E0}.Debug|x86.ActiveCfg = Debug|Any CPU
		{E5F300AC-6630-4535-BD19-7C96ED48A8E0}.Debug|x86.Build.0 = Debug|Any CPU
		{E5F300AC-6630-4535-BD19-7C96ED48A8E0}.Release|Any CPU.ActiveCfg = Release|Any CPU
		{E5F300AC-6630-4535-BD19-7C96ED48A8E0}.Release|Any CPU.Build.0 = Release|Any CPU
		{E5F300AC-6630-4535-BD19-7C96ED48A8E0}.Release|x64.ActiveCfg = Release|Any CPU
		{E5F300AC-6630-4535-BD19-7C96ED48A8E0}.Release|x64.Build.0 = Release|Any CPU
		{E5F300AC-6630-4535-BD19-7C96ED48A8E0}.Release|x86.ActiveCfg = Release|Any CPU
		{E5F300AC-6630-4535-BD19-7C96ED48A8E0}.Release|x86.Build.0 = Release|Any CPU
		{4F47E5C1-41CE-46BE-A569-A191E3F1202D}.Debug|Any CPU.ActiveCfg = Debug|Any CPU
		{4F47E5C1-41CE-46BE-A569-A191E3F1202D}.Debug|Any CPU.Build.0 = Debug|Any CPU
		{4F47E5C1-41CE-46BE-A569-A191E3F1202D}.Debug|x64.ActiveCfg = Debug|Any CPU
		{4F47E5C1-41CE-46BE-A569-A191E3F1202D}.Debug|x64.Build.0 = Debug|Any CPU
		{4F47E5C1-41CE-46BE-A569-A191E3F1202D}.Debug|x86.ActiveCfg = Debug|Any CPU
		{4F47E5C1-41CE-46BE-A569-A191E3F1202D}.Debug|x86.Build.0 = Debug|Any CPU
		{4F47E5C1-41CE-46BE-A569-A191E3F1202D}.Release|Any CPU.ActiveCfg = Release|Any CPU
		{4F47E5C1-41CE-46BE-A569-A191E3F1202D}.Release|Any CPU.Build.0 = Release|Any CPU
		{4F47E5C1-41CE-46BE-A569-A191E3F1202D}.Release|x64.ActiveCfg = Release|Any CPU
		{4F47E5C1-41CE-46BE-A569-A191E3F1202D}.Release|x64.Build.0 = Release|Any CPU
		{4F47E5C1-41CE-46BE-A569-A191E3F1202D}.Release|x86.ActiveCfg = Release|Any CPU
		{4F47E5C1-41CE-46BE-A569-A191E3F1202D}.Release|x86.Build.0 = Release|Any CPU
		{AA155866-84E6-43A4-9ECB-9BA9A257A81C}.Debug|Any CPU.ActiveCfg = Debug|Any CPU
		{AA155866-84E6-43A4-9ECB-9BA9A257A81C}.Debug|Any CPU.Build.0 = Debug|Any CPU
		{AA155866-84E6-43A4-9ECB-9BA9A257A81C}.Debug|x64.ActiveCfg = Debug|Any CPU
		{AA155866-84E6-43A4-9ECB-9BA9A257A81C}.Debug|x64.Build.0 = Debug|Any CPU
		{AA155866-84E6-43A4-9ECB-9BA9A257A81C}.Debug|x86.ActiveCfg = Debug|Any CPU
		{AA155866-84E6-43A4-9ECB-9BA9A257A81C}.Debug|x86.Build.0 = Debug|Any CPU
		{AA155866-84E6-43A4-9ECB-9BA9A257A81C}.Release|Any CPU.ActiveCfg = Release|Any CPU
		{AA155866-84E6-43A4-9ECB-9BA9A257A81C}.Release|Any CPU.Build.0 = Release|Any CPU
		{AA155866-84E6-43A4-9ECB-9BA9A257A81C}.Release|x64.ActiveCfg = Release|Any CPU
		{AA155866-84E6-43A4-9ECB-9BA9A257A81C}.Release|x64.Build.0 = Release|Any CPU
		{AA155866-84E6-43A4-9ECB-9BA9A257A81C}.Release|x86.ActiveCfg = Release|Any CPU
		{AA155866-84E6-43A4-9ECB-9BA9A257A81C}.Release|x86.Build.0 = Release|Any CPU
		{95533F85-9AB4-4599-A764-4E2911825662}.Debug|Any CPU.ActiveCfg = Debug|Any CPU
		{95533F85-9AB4-4599-A764-4E2911825662}.Debug|Any CPU.Build.0 = Debug|Any CPU
		{95533F85-9AB4-4599-A764-4E2911825662}.Debug|x64.ActiveCfg = Debug|Any CPU
		{95533F85-9AB4-4599-A764-4E2911825662}.Debug|x64.Build.0 = Debug|Any CPU
		{95533F85-9AB4-4599-A764-4E2911825662}.Debug|x86.ActiveCfg = Debug|Any CPU
		{95533F85-9AB4-4599-A764-4E2911825662}.Debug|x86.Build.0 = Debug|Any CPU
		{95533F85-9AB4-4599-A764-4E2911825662}.Release|Any CPU.ActiveCfg = Release|Any CPU
		{95533F85-9AB4-4599-A764-4E2911825662}.Release|Any CPU.Build.0 = Release|Any CPU
		{95533F85-9AB4-4599-A764-4E2911825662}.Release|x64.ActiveCfg = Release|Any CPU
		{95533F85-9AB4-4599-A764-4E2911825662}.Release|x64.Build.0 = Release|Any CPU
		{95533F85-9AB4-4599-A764-4E2911825662}.Release|x86.ActiveCfg = Release|Any CPU
		{95533F85-9AB4-4599-A764-4E2911825662}.Release|x86.Build.0 = Release|Any CPU
		{7C3756B7-23E8-467B-8585-0ACF3AF9D01C}.Debug|Any CPU.ActiveCfg = Debug|Any CPU
		{7C3756B7-23E8-467B-8585-0ACF3AF9D01C}.Debug|Any CPU.Build.0 = Debug|Any CPU
		{7C3756B7-23E8-467B-8585-0ACF3AF9D01C}.Debug|x64.ActiveCfg = Debug|Any CPU
		{7C3756B7-23E8-467B-8585-0ACF3AF9D01C}.Debug|x64.Build.0 = Debug|Any CPU
		{7C3756B7-23E8-467B-8585-0ACF3AF9D01C}.Debug|x86.ActiveCfg = Debug|Any CPU
		{7C3756B7-23E8-467B-8585-0ACF3AF9D01C}.Debug|x86.Build.0 = Debug|Any CPU
		{7C3756B7-23E8-467B-8585-0ACF3AF9D01C}.Release|Any CPU.ActiveCfg = Release|Any CPU
		{7C3756B7-23E8-467B-8585-0ACF3AF9D01C}.Release|Any CPU.Build.0 = Release|Any CPU
		{7C3756B7-23E8-467B-8585-0ACF3AF9D01C}.Release|x64.ActiveCfg = Release|Any CPU
		{7C3756B7-23E8-467B-8585-0ACF3AF9D01C}.Release|x64.Build.0 = Release|Any CPU
		{7C3756B7-23E8-467B-8585-0ACF3AF9D01C}.Release|x86.ActiveCfg = Release|Any CPU
		{7C3756B7-23E8-467B-8585-0ACF3AF9D01C}.Release|x86.Build.0 = Release|Any CPU
		{E86CD76B-BF70-480A-84E5-33B04A69AA1F}.Debug|Any CPU.ActiveCfg = Debug|Any CPU
		{E86CD76B-BF70-480A-84E5-33B04A69AA1F}.Debug|Any CPU.Build.0 = Debug|Any CPU
		{E86CD76B-BF70-480A-84E5-33B04A69AA1F}.Debug|x64.ActiveCfg = Debug|Any CPU
		{E86CD76B-BF70-480A-84E5-33B04A69AA1F}.Debug|x64.Build.0 = Debug|Any CPU
		{E86CD76B-BF70-480A-84E5-33B04A69AA1F}.Debug|x86.ActiveCfg = Debug|Any CPU
		{E86CD76B-BF70-480A-84E5-33B04A69AA1F}.Debug|x86.Build.0 = Debug|Any CPU
		{E86CD76B-BF70-480A-84E5-33B04A69AA1F}.Release|Any CPU.ActiveCfg = Release|Any CPU
		{E86CD76B-BF70-480A-84E5-33B04A69AA1F}.Release|Any CPU.Build.0 = Release|Any CPU
		{E86CD76B-BF70-480A-84E5-33B04A69AA1F}.Release|x64.ActiveCfg = Release|Any CPU
		{E86CD76B-BF70-480A-84E5-33B04A69AA1F}.Release|x64.Build.0 = Release|Any CPU
		{E86CD76B-BF70-480A-84E5-33B04A69AA1F}.Release|x86.ActiveCfg = Release|Any CPU
		{E86CD76B-BF70-480A-84E5-33B04A69AA1F}.Release|x86.Build.0 = Release|Any CPU
		{4600A656-8294-4463-AD8A-782D8E168CAD}.Debug|Any CPU.ActiveCfg = Debug|Any CPU
		{4600A656-8294-4463-AD8A-782D8E168CAD}.Debug|Any CPU.Build.0 = Debug|Any CPU
		{4600A656-8294-4463-AD8A-782D8E168CAD}.Debug|x64.ActiveCfg = Debug|Any CPU
		{4600A656-8294-4463-AD8A-782D8E168CAD}.Debug|x64.Build.0 = Debug|Any CPU
		{4600A656-8294-4463-AD8A-782D8E168CAD}.Debug|x86.ActiveCfg = Debug|Any CPU
		{4600A656-8294-4463-AD8A-782D8E168CAD}.Debug|x86.Build.0 = Debug|Any CPU
		{4600A656-8294-4463-AD8A-782D8E168CAD}.Release|Any CPU.ActiveCfg = Release|Any CPU
		{4600A656-8294-4463-AD8A-782D8E168CAD}.Release|Any CPU.Build.0 = Release|Any CPU
		{4600A656-8294-4463-AD8A-782D8E168CAD}.Release|x64.ActiveCfg = Release|Any CPU
		{4600A656-8294-4463-AD8A-782D8E168CAD}.Release|x64.Build.0 = Release|Any CPU
		{4600A656-8294-4463-AD8A-782D8E168CAD}.Release|x86.ActiveCfg = Release|Any CPU
		{4600A656-8294-4463-AD8A-782D8E168CAD}.Release|x86.Build.0 = Release|Any CPU
		{C948CD88-AE15-4AC1-9BBB-38E021B356CA}.Debug|Any CPU.ActiveCfg = Debug|Any CPU
		{C948CD88-AE15-4AC1-9BBB-38E021B356CA}.Debug|Any CPU.Build.0 = Debug|Any CPU
		{C948CD88-AE15-4AC1-9BBB-38E021B356CA}.Debug|x64.ActiveCfg = Debug|Any CPU
		{C948CD88-AE15-4AC1-9BBB-38E021B356CA}.Debug|x64.Build.0 = Debug|Any CPU
		{C948CD88-AE15-4AC1-9BBB-38E021B356CA}.Debug|x86.ActiveCfg = Debug|Any CPU
		{C948CD88-AE15-4AC1-9BBB-38E021B356CA}.Debug|x86.Build.0 = Debug|Any CPU
		{C948CD88-AE15-4AC1-9BBB-38E021B356CA}.Release|Any CPU.ActiveCfg = Release|Any CPU
		{C948CD88-AE15-4AC1-9BBB-38E021B356CA}.Release|Any CPU.Build.0 = Release|Any CPU
		{C948CD88-AE15-4AC1-9BBB-38E021B356CA}.Release|x64.ActiveCfg = Release|Any CPU
		{C948CD88-AE15-4AC1-9BBB-38E021B356CA}.Release|x64.Build.0 = Release|Any CPU
		{C948CD88-AE15-4AC1-9BBB-38E021B356CA}.Release|x86.ActiveCfg = Release|Any CPU
		{C948CD88-AE15-4AC1-9BBB-38E021B356CA}.Release|x86.Build.0 = Release|Any CPU
		{DDA51063-3590-4957-88FB-CC2AC1F1C70B}.Debug|Any CPU.ActiveCfg = Debug|Any CPU
		{DDA51063-3590-4957-88FB-CC2AC1F1C70B}.Debug|Any CPU.Build.0 = Debug|Any CPU
		{DDA51063-3590-4957-88FB-CC2AC1F1C70B}.Debug|x64.ActiveCfg = Debug|Any CPU
		{DDA51063-3590-4957-88FB-CC2AC1F1C70B}.Debug|x64.Build.0 = Debug|Any CPU
		{DDA51063-3590-4957-88FB-CC2AC1F1C70B}.Debug|x86.ActiveCfg = Debug|Any CPU
		{DDA51063-3590-4957-88FB-CC2AC1F1C70B}.Debug|x86.Build.0 = Debug|Any CPU
		{DDA51063-3590-4957-88FB-CC2AC1F1C70B}.Release|Any CPU.ActiveCfg = Release|Any CPU
		{DDA51063-3590-4957-88FB-CC2AC1F1C70B}.Release|Any CPU.Build.0 = Release|Any CPU
		{DDA51063-3590-4957-88FB-CC2AC1F1C70B}.Release|x64.ActiveCfg = Release|Any CPU
		{DDA51063-3590-4957-88FB-CC2AC1F1C70B}.Release|x64.Build.0 = Release|Any CPU
		{DDA51063-3590-4957-88FB-CC2AC1F1C70B}.Release|x86.ActiveCfg = Release|Any CPU
		{DDA51063-3590-4957-88FB-CC2AC1F1C70B}.Release|x86.Build.0 = Release|Any CPU
		{5BCC50BB-19C9-4C24-B49E-321600592688}.Debug|Any CPU.ActiveCfg = Debug|Any CPU
		{5BCC50BB-19C9-4C24-B49E-321600592688}.Debug|Any CPU.Build.0 = Debug|Any CPU
		{5BCC50BB-19C9-4C24-B49E-321600592688}.Debug|x64.ActiveCfg = Debug|Any CPU
		{5BCC50BB-19C9-4C24-B49E-321600592688}.Debug|x64.Build.0 = Debug|Any CPU
		{5BCC50BB-19C9-4C24-B49E-321600592688}.Debug|x86.ActiveCfg = Debug|Any CPU
		{5BCC50BB-19C9-4C24-B49E-321600592688}.Debug|x86.Build.0 = Debug|Any CPU
		{5BCC50BB-19C9-4C24-B49E-321600592688}.Release|Any CPU.ActiveCfg = Release|Any CPU
		{5BCC50BB-19C9-4C24-B49E-321600592688}.Release|Any CPU.Build.0 = Release|Any CPU
		{5BCC50BB-19C9-4C24-B49E-321600592688}.Release|x64.ActiveCfg = Release|Any CPU
		{5BCC50BB-19C9-4C24-B49E-321600592688}.Release|x64.Build.0 = Release|Any CPU
		{5BCC50BB-19C9-4C24-B49E-321600592688}.Release|x86.ActiveCfg = Release|Any CPU
		{5BCC50BB-19C9-4C24-B49E-321600592688}.Release|x86.Build.0 = Release|Any CPU
		{603CF7C3-5BCC-4981-AA33-F131FAB2F5DB}.Debug|Any CPU.ActiveCfg = Debug|Any CPU
		{603CF7C3-5BCC-4981-AA33-F131FAB2F5DB}.Debug|Any CPU.Build.0 = Debug|Any CPU
		{603CF7C3-5BCC-4981-AA33-F131FAB2F5DB}.Debug|x64.ActiveCfg = Debug|Any CPU
		{603CF7C3-5BCC-4981-AA33-F131FAB2F5DB}.Debug|x64.Build.0 = Debug|Any CPU
		{603CF7C3-5BCC-4981-AA33-F131FAB2F5DB}.Debug|x86.ActiveCfg = Debug|Any CPU
		{603CF7C3-5BCC-4981-AA33-F131FAB2F5DB}.Debug|x86.Build.0 = Debug|Any CPU
		{603CF7C3-5BCC-4981-AA33-F131FAB2F5DB}.Release|Any CPU.ActiveCfg = Release|Any CPU
		{603CF7C3-5BCC-4981-AA33-F131FAB2F5DB}.Release|Any CPU.Build.0 = Release|Any CPU
		{603CF7C3-5BCC-4981-AA33-F131FAB2F5DB}.Release|x64.ActiveCfg = Release|Any CPU
		{603CF7C3-5BCC-4981-AA33-F131FAB2F5DB}.Release|x64.Build.0 = Release|Any CPU
		{603CF7C3-5BCC-4981-AA33-F131FAB2F5DB}.Release|x86.ActiveCfg = Release|Any CPU
		{603CF7C3-5BCC-4981-AA33-F131FAB2F5DB}.Release|x86.Build.0 = Release|Any CPU
		{FA5C511B-221B-435F-AA0E-C2B69963C698}.Debug|Any CPU.ActiveCfg = Debug|Any CPU
		{FA5C511B-221B-435F-AA0E-C2B69963C698}.Debug|Any CPU.Build.0 = Debug|Any CPU
		{FA5C511B-221B-435F-AA0E-C2B69963C698}.Debug|x64.ActiveCfg = Debug|Any CPU
		{FA5C511B-221B-435F-AA0E-C2B69963C698}.Debug|x64.Build.0 = Debug|Any CPU
		{FA5C511B-221B-435F-AA0E-C2B69963C698}.Debug|x86.ActiveCfg = Debug|Any CPU
		{FA5C511B-221B-435F-AA0E-C2B69963C698}.Debug|x86.Build.0 = Debug|Any CPU
		{FA5C511B-221B-435F-AA0E-C2B69963C698}.Release|Any CPU.ActiveCfg = Release|Any CPU
		{FA5C511B-221B-435F-AA0E-C2B69963C698}.Release|Any CPU.Build.0 = Release|Any CPU
		{FA5C511B-221B-435F-AA0E-C2B69963C698}.Release|x64.ActiveCfg = Release|Any CPU
		{FA5C511B-221B-435F-AA0E-C2B69963C698}.Release|x64.Build.0 = Release|Any CPU
		{FA5C511B-221B-435F-AA0E-C2B69963C698}.Release|x86.ActiveCfg = Release|Any CPU
		{FA5C511B-221B-435F-AA0E-C2B69963C698}.Release|x86.Build.0 = Release|Any CPU
	EndGlobalSection
	GlobalSection(SolutionProperties) = preSolution
		HideSolutionNode = FALSE
	EndGlobalSection
	GlobalSection(NestedProjects) = preSolution
		{50B799B2-4EB1-4D19-A1E8-5A8801653A5E} = {0AB3BF05-4346-4AA6-1389-037BE0695223}
		{F9AEF22A-3968-48E0-BBF5-A13CD955EBC1} = {827E0CD3-B72D-47B6-A68D-7590B98EB39B}
		{8F526400-1A88-4A75-B6A1-1E95BA036B4E} = {0AB3BF05-4346-4AA6-1389-037BE0695223}
		{84103719-5B65-4B91-BF4F-2A6293BCDA94} = {66320409-64EC-F7C5-3DEF-65E7510DAAD1}
		{39876BDB-84EA-442B-9B01-CABBF43D38EB} = {66320409-64EC-F7C5-3DEF-65E7510DAAD1}
		{21E23FF6-344C-4C7B-8093-58E6F40B074D} = {827E0CD3-B72D-47B6-A68D-7590B98EB39B}
		{3755D176-C53C-4888-88C8-C7DA7AD0912F} = {0AB3BF05-4346-4AA6-1389-037BE0695223}
		{D1E9A67E-F3C8-43ED-B688-3E4180904B11} = {827E0CD3-B72D-47B6-A68D-7590B98EB39B}
		{351CBB58-B677-46D2-8ED9-81E2C579393B} = {0AB3BF05-4346-4AA6-1389-037BE0695223}
		{F6631096-C3B8-4A41-B4EC-EF58E8794D27} = {827E0CD3-B72D-47B6-A68D-7590B98EB39B}
		{0352656F-4789-426E-9384-2F636ED36282} = {827E0CD3-B72D-47B6-A68D-7590B98EB39B}
		{708960BD-E692-48A4-801C-7FCD2CC4865D} = {827E0CD3-B72D-47B6-A68D-7590B98EB39B}
		{3327F6A6-F718-4324-BB1E-D9396B97C8BD} = {827E0CD3-B72D-47B6-A68D-7590B98EB39B}
		{ED7A1C4D-5D9B-4797-B67D-EEA9E227FED8} = {827E0CD3-B72D-47B6-A68D-7590B98EB39B}
		{8F657B2E-1493-48F2-BD83-5CF008322160} = {0AB3BF05-4346-4AA6-1389-037BE0695223}
		{4A7CDCC3-BADC-4F36-9ED8-D332B25C08FE} = {0AB3BF05-4346-4AA6-1389-037BE0695223}
		{0CDD1AFA-E774-490F-ADA3-7ED49B64F644} = {0AB3BF05-4346-4AA6-1389-037BE0695223}
		{4D448A9B-2F83-4339-9D5D-2D761D416CC8} = {0AB3BF05-4346-4AA6-1389-037BE0695223}
		{3C96A3D3-1982-4E46-AB83-3EC4FBB6D68B} = {0AB3BF05-4346-4AA6-1389-037BE0695223}
		{E5F300AC-6630-4535-BD19-7C96ED48A8E0} = {827E0CD3-B72D-47B6-A68D-7590B98EB39B}
		{4F47E5C1-41CE-46BE-A569-A191E3F1202D} = {0AB3BF05-4346-4AA6-1389-037BE0695223}
		{AA155866-84E6-43A4-9ECB-9BA9A257A81C} = {827E0CD3-B72D-47B6-A68D-7590B98EB39B}
		{95533F85-9AB4-4599-A764-4E2911825662} = {0AB3BF05-4346-4AA6-1389-037BE0695223}
		{7C3756B7-23E8-467B-8585-0ACF3AF9D01C} = {827E0CD3-B72D-47B6-A68D-7590B98EB39B}
		{E86CD76B-BF70-480A-84E5-33B04A69AA1F} = {0AB3BF05-4346-4AA6-1389-037BE0695223}
		{4600A656-8294-4463-AD8A-782D8E168CAD} = {5D20AA90-6969-D8BD-9DCD-8634F4692FDA}
		{C948CD88-AE15-4AC1-9BBB-38E021B356CA} = {0AB3BF05-4346-4AA6-1389-037BE0695223}
		{DDA51063-3590-4957-88FB-CC2AC1F1C70B} = {827E0CD3-B72D-47B6-A68D-7590B98EB39B}
		{5BCC50BB-19C9-4C24-B49E-321600592688} = {0AB3BF05-4346-4AA6-1389-037BE0695223}
		{603CF7C3-5BCC-4981-AA33-F131FAB2F5DB} = {827E0CD3-B72D-47B6-A68D-7590B98EB39B}
		{FA5C511B-221B-435F-AA0E-C2B69963C698} = {0AB3BF05-4346-4AA6-1389-037BE0695223}
	EndGlobalSection
	GlobalSection(ExtensibilityGlobals) = postSolution
		SolutionGuid = {17414606-9F4F-4F6A-BB65-EF7903616968}
	EndGlobalSection
EndGlobal
